# Pinned source for the ASUS Eee PC 1215P / Atom N570 kernel work.
XNU_REPOSITORY=https://github.com/apple-oss-distributions/xnu.git
XNU_COMMIT=902cc0cd840e5c2a7b111bc1781e3c0625ebff5c
XNU_VERSION=xnu-1504.3.12
DARWIN_VERSION=10.3.0
MACOS_VERSION=10.6.3
TARGET_ARCH=I386
TARGET_KERNEL_CONFIG=RELEASE
DEBUG_PREFIX=[N570 ATOM-KERNEL]
